
Microsoft Visual Studio Solution File, Format Version 12.00
# Visual Studio Version 17
VisualStudioVersion = 17.7.34024.191
MinimumVisualStudioVersion = 10.0.40219.1
Project("{2150E333-8FDC-42A3-9474-1A3956D46DE8}") = "Core", "Core", "{412EFE9E-4692-4523-9EC7-9531AA8DCDFA}"
EndProject
Project("{9A19103F-16F7-4668-BE54-9A1E7A4F7556}") = "Contract", "Contracts\Contract.csproj", "{BD64C960-2B9F-4A2E-8EB2-AF1582734833}"
EndProject
Project("{9A19103F-16F7-4668-BE54-9A1E7A4F7556}") = "Domain", "Domain\Domain.csproj", "{1C474A9F-B730-4F0C-B4F7-6E53C47C3632}"
EndProject
Project("{9A19103F-16F7-4668-BE54-9A1E7A4F7556}") = "Service", "Services\Service.csproj", "{CFD6A88D-73DD-46EA-A622-60E3F518DEFC}"
EndProject
Project("{9A19103F-16F7-4668-BE54-9A1E7A4F7556}") = "Services.Abstraction", "Services.Abstractions\Services.Abstraction.csproj", "{55F0B410-9BAB-4493-95AA-C40DE03ACC10}"
EndProject
Project("{2150E333-8FDC-42A3-9474-1A3956D46DE8}") = "Infrastructure", "Infrastructure", "{AFB9DFB6-445D-44FC-B86E-2AD527C65D3E}"
EndProject
Project("{9A19103F-16F7-4668-BE54-9A1E7A4F7556}") = "Persistence", "Persistence\Persistence.csproj", "{71FB746F-ADCA-40B4-8AD4-78E61ACC9E32}"
EndProject
Project("{9A19103F-16F7-4668-BE54-9A1E7A4F7556}") = "Presentation", "Presentation\Presentation.csproj", "{0F3A7EB0-6808-4497-96AA-9E1C31E0F716}"
EndProject
Project("{9A19103F-16F7-4668-BE54-9A1E7A4F7556}") = "Web", "Web\Web.csproj", "{FABB1D22-375D-4E79-ABD6-3E955410823D}"
EndProject
Project("{2150E333-8FDC-42A3-9474-1A3956D46DE8}") = "Tests", "Tests", "{D3525DC0-7E53-470D-90CC-463D858F0453}"
EndProject
Project("{FAE04EC0-301F-11D3-BF4B-00C04F79EFBC}") = "Test", "Web.Test\Test.csproj", "{984E0028-3C18-4C5E-A369-E554867C3BAF}"
EndProject
Global
	GlobalSection(SolutionConfigurationPlatforms) = preSolution
		Debug|Any CPU = Debug|Any CPU
		Release|Any CPU = Release|Any CPU
	EndGlobalSection
	GlobalSection(ProjectConfigurationPlatforms) = postSolution
		{BD64C960-2B9F-4A2E-8EB2-AF1582734833}.Debug|Any CPU.ActiveCfg = Debug|Any CPU
		{BD64C960-2B9F-4A2E-8EB2-AF1582734833}.Debug|Any CPU.Build.0 = Debug|Any CPU
		{BD64C960-2B9F-4A2E-8EB2-AF1582734833}.Release|Any CPU.ActiveCfg = Release|Any CPU
		{BD64C960-2B9F-4A2E-8EB2-AF1582734833}.Release|Any CPU.Build.0 = Release|Any CPU
		{1C474A9F-B730-4F0C-B4F7-6E53C47C3632}.Debug|Any CPU.ActiveCfg = Debug|Any CPU
		{1C474A9F-B730-4F0C-B4F7-6E53C47C3632}.Debug|Any CPU.Build.0 = Debug|Any CPU
		{1C474A9F-B730-4F0C-B4F7-6E53C47C3632}.Release|Any CPU.ActiveCfg = Release|Any CPU
		{1C474A9F-B730-4F0C-B4F7-6E53C47C3632}.Release|Any CPU.Build.0 = Release|Any CPU
		{CFD6A88D-73DD-46EA-A622-60E3F518DEFC}.Debug|Any CPU.ActiveCfg = Debug|Any CPU
		{CFD6A88D-73DD-46EA-A622-60E3F518DEFC}.Debug|Any CPU.Build.0 = Debug|Any CPU
		{CFD6A88D-73DD-46EA-A622-60E3F518DEFC}.Release|Any CPU.ActiveCfg = Release|Any CPU
		{CFD6A88D-73DD-46EA-A622-60E3F518DEFC}.Release|Any CPU.Build.0 = Release|Any CPU
		{55F0B410-9BAB-4493-95AA-C40DE03ACC10}.Debug|Any CPU.ActiveCfg = Debug|Any CPU
		{55F0B410-9BAB-4493-95AA-C40DE03ACC10}.Debug|Any CPU.Build.0 = Debug|Any CPU
		{55F0B410-9BAB-4493-95AA-C40DE03ACC10}.Release|Any CPU.ActiveCfg = Release|Any CPU
		{55F0B410-9BAB-4493-95AA-C40DE03ACC10}.Release|Any CPU.Build.0 = Release|Any CPU
		{71FB746F-ADCA-40B4-8AD4-78E61ACC9E32}.Debug|Any CPU.ActiveCfg = Debug|Any CPU
		{71FB746F-ADCA-40B4-8AD4-78E61ACC9E32}.Debug|Any CPU.Build.0 = Debug|Any CPU
		{71FB746F-ADCA-40B4-8AD4-78E61ACC9E32}.Release|Any CPU.ActiveCfg = Release|Any CPU
		{71FB746F-ADCA-40B4-8AD4-78E61ACC9E32}.Release|Any CPU.Build.0 = Release|Any CPU
		{0F3A7EB0-6808-4497-96AA-9E1C31E0F716}.Debug|Any CPU.ActiveCfg = Debug|Any CPU
		{0F3A7EB0-6808-4497-96AA-9E1C31E0F716}.Debug|Any CPU.Build.0 = Debug|Any CPU
		{0F3A7EB0-6808-4497-96AA-9E1C31E0F716}.Release|Any CPU.ActiveCfg = Release|Any CPU
		{0F3A7EB0-6808-4497-96AA-9E1C31E0F716}.Release|Any CPU.Build.0 = Release|Any CPU
		{FABB1D22-375D-4E79-ABD6-3E955410823D}.Debug|Any CPU.ActiveCfg = Debug|Any CPU
		{FABB1D22-375D-4E79-ABD6-3E955410823D}.Debug|Any CPU.Build.0 = Debug|Any CPU
		{FABB1D22-375D-4E79-ABD6-3E955410823D}.Release|Any CPU.ActiveCfg = Release|Any CPU
		{FABB1D22-375D-4E79-ABD6-3E955410823D}.Release|Any CPU.Build.0 = Release|Any CPU
		{984E0028-3C18-4C5E-A369-E554867C3BAF}.Debug|Any CPU.ActiveCfg = Debug|Any CPU
		{984E0028-3C18-4C5E-A369-E554867C3BAF}.Debug|Any CPU.Build.0 = Debug|Any CPU
		{984E0028-3C18-4C5E-A369-E554867C3BAF}.Release|Any CPU.ActiveCfg = Release|Any CPU
		{984E0028-3C18-4C5E-A369-E554867C3BAF}.Release|Any CPU.Build.0 = Release|Any CPU
	EndGlobalSection
	GlobalSection(SolutionProperties) = preSolution
		HideSolutionNode = FALSE
	EndGlobalSection
	GlobalSection(NestedProjects) = preSolution
		{BD64C960-2B9F-4A2E-8EB2-AF1582734833} = {412EFE9E-4692-4523-9EC7-9531AA8DCDFA}
		{1C474A9F-B730-4F0C-B4F7-6E53C47C3632} = {412EFE9E-4692-4523-9EC7-9531AA8DCDFA}
		{CFD6A88D-73DD-46EA-A622-60E3F518DEFC} = {412EFE9E-4692-4523-9EC7-9531AA8DCDFA}
		{55F0B410-9BAB-4493-95AA-C40DE03ACC10} = {412EFE9E-4692-4523-9EC7-9531AA8DCDFA}
		{71FB746F-ADCA-40B4-8AD4-78E61ACC9E32} = {AFB9DFB6-445D-44FC-B86E-2AD527C65D3E}
		{0F3A7EB0-6808-4497-96AA-9E1C31E0F716} = {AFB9DFB6-445D-44FC-B86E-2AD527C65D3E}
		{984E0028-3C18-4C5E-A369-E554867C3BAF} = {D3525DC0-7E53-470D-90CC-463D858F0453}
	EndGlobalSection
	GlobalSection(ExtensibilityGlobals) = postSolution
		SolutionGuid = {15753D2F-7FAA-415C-8614-8ED7EB99FEAE}
	EndGlobalSection
EndGlobal
